// !$*UTF8*$!
{
	archiveVersion = 1;
	classes = {
	};
	objectVersion = 46;
	objects = {

/* Begin PBXBuildFile section */
		4B0C68BA1F0987E40042D9F5 /* StringExtension.swift in Sources */ = {isa = PBXBuildFile; fileRef = 4B0C68B91F0987E40042D9F5 /* StringExtension.swift */; };
		4B2150C01EFDCC6D00CF9FDC /* LevelsViewController.swift in Sources */ = {isa = PBXBuildFile; fileRef = 4B2150BF1EFDCC6D00CF9FDC /* LevelsViewController.swift */; };
		4B2150C61EFDD51000CF9FDC /* levels.xml in Resources */ = {isa = PBXBuildFile; fileRef = 4B2150C51EFDD51000CF9FDC /* levels.xml */; };
		4B2150D31EFDF5AD00CF9FDC /* LevelCollectionCell.swift in Sources */ = {isa = PBXBuildFile; fileRef = 4B2150D21EFDF5AD00CF9FDC /* LevelCollectionCell.swift */; };
		4B33EF20206B242500B08BB7 /* CellfenseSwiftTests.swift in Sources */ = {isa = PBXBuildFile; fileRef = 4B33EF1F206B242500B08BB7 /* CellfenseSwiftTests.swift */; };
		4B3CB3CA1CE560CA001DE1A2 /* PathFinder.m in Sources */ = {isa = PBXBuildFile; fileRef = 4B3CB3C91CE560CA001DE1A2 /* PathFinder.m */; };
		4B3DC2901EFCB08D0051744F /* MenuViewController.swift in Sources */ = {isa = PBXBuildFile; fileRef = 4B3DC28F1EFCB08D0051744F /* MenuViewController.swift */; };
		4B4F662220E03D3800377D45 /* chip.atlas in Resources */ = {isa = PBXBuildFile; fileRef = 4B4F662120E03D3800377D45 /* chip.atlas */; };
		4B4F662520E0449100377D45 /* bomb.atlas in Resources */ = {isa = PBXBuildFile; fileRef = 4B4F662420E0449100377D45 /* bomb.atlas */; };
		4B4F662620E04DBD00377D45 /* tank.atlas in Resources */ = {isa = PBXBuildFile; fileRef = 4B4F662320E043F600377D45 /* tank.atlas */; };
		4B7ED07720DDB3D300FC036D /* spider.atlas in Resources */ = {isa = PBXBuildFile; fileRef = 4B7ED07620DDB3D300FC036D /* spider.atlas */; };
		4B7ED07920DDB3DF00FC036D /* turret.atlas in Resources */ = {isa = PBXBuildFile; fileRef = 4B7ED07820DDB3DF00FC036D /* turret.atlas */; };
		4B7ED07B20DDB3FB00FC036D /* caterpillar.atlas in Resources */ = {isa = PBXBuildFile; fileRef = 4B7ED07A20DDB3FA00FC036D /* caterpillar.atlas */; };
		4B9C2ADD1CDE70C50003B193 /* AppDelegate.swift in Sources */ = {isa = PBXBuildFile; fileRef = 4B9C2ADC1CDE70C50003B193 /* AppDelegate.swift */; };
		4B9C2AE11CDE70C60003B193 /* GameScene.swift in Sources */ = {isa = PBXBuildFile; fileRef = 4B9C2AE01CDE70C60003B193 /* GameScene.swift */; };
		4B9C2AE31CDE70C60003B193 /* GameViewController.swift in Sources */ = {isa = PBXBuildFile; fileRef = 4B9C2AE21CDE70C60003B193 /* GameViewController.swift */; };
		4B9C2AE61CDE70C60003B193 /* Main.storyboard in Resources */ = {isa = PBXBuildFile; fileRef = 4B9C2AE41CDE70C60003B193 /* Main.storyboard */; };
		4B9C2AE81CDE70C60003B193 /* Assets.xcassets in Resources */ = {isa = PBXBuildFile; fileRef = 4B9C2AE71CDE70C60003B193 /* Assets.xcassets */; };
		4B9C2AEB1CDE70C60003B193 /* LaunchScreen.storyboard in Resources */ = {isa = PBXBuildFile; fileRef = 4B9C2AE91CDE70C60003B193 /* LaunchScreen.storyboard */; };
		4B9C2AF61CDE77040003B193 /* chain_gun.wav in Resources */ = {isa = PBXBuildFile; fileRef = 4B9C2AF51CDE77040003B193 /* chain_gun.wav */; };
		4BA604AB1CE2A12A0017BC95 /* Constants.swift in Sources */ = {isa = PBXBuildFile; fileRef = 4BA604AA1CE2A12A0017BC95 /* Constants.swift */; };
		4BC6AF141CDFD0B200901E43 /* Tower.swift in Sources */ = {isa = PBXBuildFile; fileRef = 4BC6AF131CDFD0B200901E43 /* Tower.swift */; };
		4BC6AF161CE035DA00901E43 /* GameControlNode.swift in Sources */ = {isa = PBXBuildFile; fileRef = 4BC6AF151CE035DA00901E43 /* GameControlNode.swift */; };
		4BC6AF181CE037EA00901E43 /* Level.swift in Sources */ = {isa = PBXBuildFile; fileRef = 4BC6AF171CE037EA00901E43 /* Level.swift */; };
		4BC6AF1A1CE0387F00901E43 /* Enemy.swift in Sources */ = {isa = PBXBuildFile; fileRef = 4BC6AF191CE0387F00901E43 /* Enemy.swift */; };
		4BC6AF1C1CE03B4900901E43 /* GameWorldNode.swift in Sources */ = {isa = PBXBuildFile; fileRef = 4BC6AF1B1CE03B4900901E43 /* GameWorldNode.swift */; };
		4BC9E3461CEA9E6E00E74A89 /* CGFloatExtension.swift in Sources */ = {isa = PBXBuildFile; fileRef = 4BC9E3451CEA9E6E00E74A89 /* CGFloatExtension.swift */; };
		4BCCDCC51F09849900273C0D /* Localizable.strings in Resources */ = {isa = PBXBuildFile; fileRef = 4BCCDCC71F09849900273C0D /* Localizable.strings */; };
		4BEA47841EF77133005CAA69 /* Pathfinder.swift in Sources */ = {isa = PBXBuildFile; fileRef = 4BEA47831EF77133005CAA69 /* Pathfinder.swift */; };
		4BEA47871EF772EE005CAA69 /* PathfindNode.swift in Sources */ = {isa = PBXBuildFile; fileRef = 4BEA47861EF772EE005CAA69 /* PathfindNode.swift */; };
		5DE4D0FA3A67C25B6A209220 /* Pods_CellfenseSwiftTests.framework in Frameworks */ = {isa = PBXBuildFile; fileRef = 6DD7F49CB98031DE856F7E62 /* Pods_CellfenseSwiftTests.framework */; };
		B7D2E27DD30BD2D1A16BE8B2 /* Pods_CellfenseSwift.framework in Frameworks */ = {isa = PBXBuildFile; fileRef = 4A9F3215EB927414FAC6B79A /* Pods_CellfenseSwift.framework */; };
/* End PBXBuildFile section */

/* Begin PBXContainerItemProxy section */
		4B33EF22206B242600B08BB7 /* PBXContainerItemProxy */ = {
			isa = PBXContainerItemProxy;
			containerPortal = 4B9C2AD11CDE70C50003B193 /* Project object */;
			proxyType = 1;
			remoteGlobalIDString = 4B9C2AD81CDE70C50003B193;
			remoteInfo = CellfenseSwift;
		};
/* End PBXContainerItemProxy section */

/* Begin PBXFileReference section */
		4A9F3215EB927414FAC6B79A /* Pods_CellfenseSwift.framework */ = {isa = PBXFileReference; explicitFileType = wrapper.framework; includeInIndex = 0; path = Pods_CellfenseSwift.framework; sourceTree = BUILT_PRODUCTS_DIR; };
		4B0C68B91F0987E40042D9F5 /* StringExtension.swift */ = {isa = PBXFileReference; fileEncoding = 4; lastKnownFileType = sourcecode.swift; name = StringExtension.swift; path = Extensions/StringExtension.swift; sourceTree = "<group>"; };
		4B2150BF1EFDCC6D00CF9FDC /* LevelsViewController.swift */ = {isa = PBXFileReference; fileEncoding = 4; lastKnownFileType = sourcecode.swift; name = LevelsViewController.swift; path = ViewController/LevelsViewController.swift; sourceTree = "<group>"; };
		4B2150C51EFDD51000CF9FDC /* levels.xml */ = {isa = PBXFileReference; fileEncoding = 4; lastKnownFileType = text.xml; name = levels.xml; path = Resources/Levels/levels.xml; sourceTree = "<group>"; };
		4B2150D21EFDF5AD00CF9FDC /* LevelCollectionCell.swift */ = {isa = PBXFileReference; fileEncoding = 4; lastKnownFileType = sourcecode.swift; name = LevelCollectionCell.swift; path = ViewController/Cells/LevelCollectionCell.swift; sourceTree = "<group>"; };
		4B33EF1D206B242500B08BB7 /* CellfenseSwiftTests.xctest */ = {isa = PBXFileReference; explicitFileType = wrapper.cfbundle; includeInIndex = 0; path = CellfenseSwiftTests.xctest; sourceTree = BUILT_PRODUCTS_DIR; };
		4B33EF1F206B242500B08BB7 /* CellfenseSwiftTests.swift */ = {isa = PBXFileReference; lastKnownFileType = sourcecode.swift; path = CellfenseSwiftTests.swift; sourceTree = "<group>"; };
		4B33EF21206B242600B08BB7 /* Info.plist */ = {isa = PBXFileReference; lastKnownFileType = text.plist.xml; path = Info.plist; sourceTree = "<group>"; };
		4B3CB3C71CE560CA001DE1A2 /* CellfenseSwift-Bridging-Header.h */ = {isa = PBXFileReference; lastKnownFileType = sourcecode.c.h; path = "CellfenseSwift-Bridging-Header.h"; sourceTree = "<group>"; };
		4B3CB3C81CE560CA001DE1A2 /* PathFinder.h */ = {isa = PBXFileReference; fileEncoding = 4; lastKnownFileType = sourcecode.c.h; name = PathFinder.h; path = "Domain/objective-c/PathFinder.h"; sourceTree = "<group>"; };
		4B3CB3C91CE560CA001DE1A2 /* PathFinder.m */ = {isa = PBXFileReference; fileEncoding = 4; lastKnownFileType = sourcecode.c.objc; name = PathFinder.m; path = "Domain/objective-c/PathFinder.m"; sourceTree = "<group>"; };
		4B3DC28F1EFCB08D0051744F /* MenuViewController.swift */ = {isa = PBXFileReference; fileEncoding = 4; lastKnownFileType = sourcecode.swift; name = MenuViewController.swift; path = ViewController/MenuViewController.swift; sourceTree = "<group>"; };
		4B4F662120E03D3800377D45 /* chip.atlas */ = {isa = PBXFileReference; lastKnownFileType = folder.skatlas; path = chip.atlas; sourceTree = "<group>"; };
		4B4F662320E043F600377D45 /* tank.atlas */ = {isa = PBXFileReference; lastKnownFileType = folder.skatlas; path = tank.atlas; sourceTree = "<group>"; };
		4B4F662420E0449100377D45 /* bomb.atlas */ = {isa = PBXFileReference; lastKnownFileType = folder.skatlas; path = bomb.atlas; sourceTree = "<group>"; };
		4B7ED07620DDB3D300FC036D /* spider.atlas */ = {isa = PBXFileReference; lastKnownFileType = folder.skatlas; path = spider.atlas; sourceTree = "<group>"; };
		4B7ED07820DDB3DF00FC036D /* turret.atlas */ = {isa = PBXFileReference; lastKnownFileType = folder.skatlas; path = turret.atlas; sourceTree = "<group>"; };
		4B7ED07A20DDB3FA00FC036D /* caterpillar.atlas */ = {isa = PBXFileReference; lastKnownFileType = folder.skatlas; path = caterpillar.atlas; sourceTree = "<group>"; };
		4B9C2AD91CDE70C50003B193 /* CellfenseSwift.app */ = {isa = PBXFileReference; explicitFileType = wrapper.application; includeInIndex = 0; path = CellfenseSwift.app; sourceTree = BUILT_PRODUCTS_DIR; };
		4B9C2ADC1CDE70C50003B193 /* AppDelegate.swift */ = {isa = PBXFileReference; lastKnownFileType = sourcecode.swift; path = AppDelegate.swift; sourceTree = "<group>"; };
		4B9C2AE01CDE70C60003B193 /* GameScene.swift */ = {isa = PBXFileReference; lastKnownFileType = sourcecode.swift; name = GameScene.swift; path = Game/GameScene.swift; sourceTree = "<group>"; };
		4B9C2AE21CDE70C60003B193 /* GameViewController.swift */ = {isa = PBXFileReference; lastKnownFileType = sourcecode.swift; name = GameViewController.swift; path = Game/GameViewController.swift; sourceTree = "<group>"; };
		4B9C2AE51CDE70C60003B193 /* Base */ = {isa = PBXFileReference; lastKnownFileType = file.storyboard; name = Base; path = Base.lproj/Main.storyboard; sourceTree = "<group>"; };
		4B9C2AE71CDE70C60003B193 /* Assets.xcassets */ = {isa = PBXFileReference; lastKnownFileType = folder.assetcatalog; path = Assets.xcassets; sourceTree = "<group>"; };
		4B9C2AEA1CDE70C60003B193 /* Base */ = {isa = PBXFileReference; lastKnownFileType = file.storyboard; name = Base; path = Base.lproj/LaunchScreen.storyboard; sourceTree = "<group>"; };
		4B9C2AEC1CDE70C60003B193 /* Info.plist */ = {isa = PBXFileReference; lastKnownFileType = text.plist.xml; path = Info.plist; sourceTree = "<group>"; };
		4B9C2AF51CDE77040003B193 /* chain_gun.wav */ = {isa = PBXFileReference; lastKnownFileType = audio.wav; path = chain_gun.wav; sourceTree = "<group>"; };
		4BA604AA1CE2A12A0017BC95 /* Constants.swift */ = {isa = PBXFileReference; fileEncoding = 4; lastKnownFileType = sourcecode.swift; path = Constants.swift; sourceTree = "<group>"; };
		4BC6AF131CDFD0B200901E43 /* Tower.swift */ = {isa = PBXFileReference; fileEncoding = 4; lastKnownFileType = sourcecode.swift; name = Tower.swift; path = Domain/Tower.swift; sourceTree = "<group>"; };
		4BC6AF151CE035DA00901E43 /* GameControlNode.swift */ = {isa = PBXFileReference; fileEncoding = 4; lastKnownFileType = sourcecode.swift; name = GameControlNode.swift; path = Game/GameControlNode.swift; sourceTree = "<group>"; };
		4BC6AF171CE037EA00901E43 /* Level.swift */ = {isa = PBXFileReference; fileEncoding = 4; lastKnownFileType = sourcecode.swift; name = Level.swift; path = Domain/Level.swift; sourceTree = "<group>"; };
		4BC6AF191CE0387F00901E43 /* Enemy.swift */ = {isa = PBXFileReference; fileEncoding = 4; lastKnownFileType = sourcecode.swift; name = Enemy.swift; path = Domain/Enemy.swift; sourceTree = "<group>"; };
		4BC6AF1B1CE03B4900901E43 /* GameWorldNode.swift */ = {isa = PBXFileReference; fileEncoding = 4; lastKnownFileType = sourcecode.swift; name = GameWorldNode.swift; path = Game/GameWorldNode.swift; sourceTree = "<group>"; };
		4BC9E3451CEA9E6E00E74A89 /* CGFloatExtension.swift */ = {isa = PBXFileReference; fileEncoding = 4; lastKnownFileType = sourcecode.swift; name = CGFloatExtension.swift; path = Extensions/CGFloatExtension.swift; sourceTree = "<group>"; };
		4BCCDCC61F09849900273C0D /* en */ = {isa = PBXFileReference; lastKnownFileType = text.plist.strings; name = en; path = en.lproj/Localizable.strings; sourceTree = "<group>"; };
		4BCCDCC81F09849D00273C0D /* es */ = {isa = PBXFileReference; lastKnownFileType = text.plist.strings; name = es; path = es.lproj/Localizable.strings; sourceTree = "<group>"; };
		4BEA47831EF77133005CAA69 /* Pathfinder.swift */ = {isa = PBXFileReference; fileEncoding = 4; lastKnownFileType = sourcecode.swift; name = Pathfinder.swift; path = IA/Pathfinder.swift; sourceTree = "<group>"; };
		4BEA47861EF772EE005CAA69 /* PathfindNode.swift */ = {isa = PBXFileReference; fileEncoding = 4; lastKnownFileType = sourcecode.swift; name = PathfindNode.swift; path = IA/PathfindNode.swift; sourceTree = "<group>"; };
		5561312EA0A0469F285DD352 /* Pods-CellfenseSwiftTests.debug.xcconfig */ = {isa = PBXFileReference; includeInIndex = 1; lastKnownFileType = text.xcconfig; name = "Pods-CellfenseSwiftTests.debug.xcconfig"; path = "Pods/Target Support Files/Pods-CellfenseSwiftTests/Pods-CellfenseSwiftTests.debug.xcconfig"; sourceTree = "<group>"; };
		627C09F4E7054BD0C683CA1A /* Pods-CellfenseSwift.release.xcconfig */ = {isa = PBXFileReference; includeInIndex = 1; lastKnownFileType = text.xcconfig; name = "Pods-CellfenseSwift.release.xcconfig"; path = "Pods/Target Support Files/Pods-CellfenseSwift/Pods-CellfenseSwift.release.xcconfig"; sourceTree = "<group>"; };
		6DD7F49CB98031DE856F7E62 /* Pods_CellfenseSwiftTests.framework */ = {isa = PBXFileReference; explicitFileType = wrapper.framework; includeInIndex = 0; path = Pods_CellfenseSwiftTests.framework; sourceTree = BUILT_PRODUCTS_DIR; };
		7AB935EB88AEFCC280E5FC1E /* Pods-CellfenseSwiftTests.release.xcconfig */ = {isa = PBXFileReference; includeInIndex = 1; lastKnownFileType = text.xcconfig; name = "Pods-CellfenseSwiftTests.release.xcconfig"; path = "Pods/Target Support Files/Pods-CellfenseSwiftTests/Pods-CellfenseSwiftTests.release.xcconfig"; sourceTree = "<group>"; };
		B16BF763E89B554B59EBC6B7 /* Pods-CellfenseSwift.debug.xcconfig */ = {isa = PBXFileReference; includeInIndex = 1; lastKnownFileType = text.xcconfig; name = "Pods-CellfenseSwift.debug.xcconfig"; path = "Pods/Target Support Files/Pods-CellfenseSwift/Pods-CellfenseSwift.debug.xcconfig"; sourceTree = "<group>"; };
/* End PBXFileReference section */

/* Begin PBXFrameworksBuildPhase section */
		4B33EF1A206B242500B08BB7 /* Frameworks */ = {
			isa = PBXFrameworksBuildPhase;
			buildActionMask = 2147483647;
			files = (
				5DE4D0FA3A67C25B6A209220 /* Pods_CellfenseSwiftTests.framework in Frameworks */,
			);
			runOnlyForDeploymentPostprocessing = 0;
		};
		4B9C2AD61CDE70C50003B193 /* Frameworks */ = {
			isa = PBXFrameworksBuildPhase;
			buildActionMask = 2147483647;
			files = (
				B7D2E27DD30BD2D1A16BE8B2 /* Pods_CellfenseSwift.framework in Frameworks */,
			);
			runOnlyForDeploymentPostprocessing = 0;
		};
/* End PBXFrameworksBuildPhase section */

/* Begin PBXGroup section */
		4B2150C31EFDD4D800CF9FDC /* Resources */ = {
			isa = PBXGroup;
			children = (
				4B9C2AF41CDE77040003B193 /* Sounds */,
				4B2150C41EFDD50300CF9FDC /* Levels */,
				4B9C2AF71CDE77260003B193 /* Images */,
				4BCCDCC71F09849900273C0D /* Localizable.strings */,
			);
			name = Resources;
			sourceTree = "<group>";
		};
		4B2150C41EFDD50300CF9FDC /* Levels */ = {
			isa = PBXGroup;
			children = (
				4B2150C51EFDD51000CF9FDC /* levels.xml */,
			);
			name = Levels;
			sourceTree = "<group>";
		};
		4B2150D41EFDF5B300CF9FDC /* Cells */ = {
			isa = PBXGroup;
			children = (
				4B2150D21EFDF5AD00CF9FDC /* LevelCollectionCell.swift */,
			);
			name = Cells;
			path = ..;
			sourceTree = "<group>";
		};
		4B33EF1E206B242500B08BB7 /* CellfenseSwiftTests */ = {
			isa = PBXGroup;
			children = (
				4B33EF1F206B242500B08BB7 /* CellfenseSwiftTests.swift */,
				4B33EF21206B242600B08BB7 /* Info.plist */,
			);
			path = CellfenseSwiftTests;
			sourceTree = "<group>";
		};
		4B3CB3C61CE560B3001DE1A2 /* objective-c */ = {
			isa = PBXGroup;
			children = (
				4B3CB3C71CE560CA001DE1A2 /* CellfenseSwift-Bridging-Header.h */,
				4B3CB3C81CE560CA001DE1A2 /* PathFinder.h */,
				4B3CB3C91CE560CA001DE1A2 /* PathFinder.m */,
			);
			name = "objective-c";
			sourceTree = "<group>";
		};
		4B3DC2911EFCB0970051744F /* ViewController */ = {
			isa = PBXGroup;
			children = (
				4B3DC28F1EFCB08D0051744F /* MenuViewController.swift */,
				4B9C2AE21CDE70C60003B193 /* GameViewController.swift */,
				4B2150BF1EFDCC6D00CF9FDC /* LevelsViewController.swift */,
			);
			name = ViewController;
			sourceTree = "<group>";
		};
		4B9C2AD01CDE70C50003B193 = {
			isa = PBXGroup;
			children = (
				4B9C2ADB1CDE70C50003B193 /* CellfenseSwift */,
				4B33EF1E206B242500B08BB7 /* CellfenseSwiftTests */,
				4B9C2ADA1CDE70C50003B193 /* Products */,
				F50DA5E3FD04124DD28B6519 /* Pods */,
				6B89EA90483639DACC783716 /* Frameworks */,
			);
			sourceTree = "<group>";
		};
		4B9C2ADA1CDE70C50003B193 /* Products */ = {
			isa = PBXGroup;
			children = (
				4B9C2AD91CDE70C50003B193 /* CellfenseSwift.app */,
				4B33EF1D206B242500B08BB7 /* CellfenseSwiftTests.xctest */,
			);
			name = Products;
			sourceTree = "<group>";
		};
		4B9C2ADB1CDE70C50003B193 /* CellfenseSwift */ = {
			isa = PBXGroup;
			children = (
				4BC6AF1E1CE03C4300901E43 /* Model */,
				4BA4610220DA0AD700E2ECA3 /* View */,
				4B3DC2911EFCB0970051744F /* ViewController */,
				4BC6AF1D1CE03C2D00901E43 /* Game */,
				4B2150C31EFDD4D800CF9FDC /* Resources */,
				4BEA47851EF7713C005CAA69 /* IA */,
				4BC9E3441CEA9E5200E74A89 /* Extensions */,
				4B9C2AE71CDE70C60003B193 /* Assets.xcassets */,
				4B9C2ADC1CDE70C50003B193 /* AppDelegate.swift */,
				4B9C2AE41CDE70C60003B193 /* Main.storyboard */,
				4B9C2AE91CDE70C60003B193 /* LaunchScreen.storyboard */,
				4B9C2AEC1CDE70C60003B193 /* Info.plist */,
				4BA604AA1CE2A12A0017BC95 /* Constants.swift */,
			);
			path = CellfenseSwift;
			sourceTree = "<group>";
		};
		4B9C2AF41CDE77040003B193 /* Sounds */ = {
			isa = PBXGroup;
			children = (
				4B9C2AF51CDE77040003B193 /* chain_gun.wav */,
			);
			name = Sounds;
			path = Resources/Sounds;
			sourceTree = "<group>";
		};
		4B9C2AF71CDE77260003B193 /* Images */ = {
			isa = PBXGroup;
			children = (
				4B4F662420E0449100377D45 /* bomb.atlas */,
				4B4F662120E03D3800377D45 /* chip.atlas */,
				4B7ED07A20DDB3FA00FC036D /* caterpillar.atlas */,
				4B7ED07820DDB3DF00FC036D /* turret.atlas */,
				4B4F662320E043F600377D45 /* tank.atlas */,
				4B7ED07620DDB3D300FC036D /* spider.atlas */,
			);
			name = Images;
			path = Resources/Images;
			sourceTree = "<group>";
		};
		4BA4610220DA0AD700E2ECA3 /* View */ = {
			isa = PBXGroup;
			children = (
				4B2150D41EFDF5B300CF9FDC /* Cells */,
			);
			path = View;
			sourceTree = "<group>";
		};
		4BC6AF1D1CE03C2D00901E43 /* Game */ = {
			isa = PBXGroup;
			children = (
				4B9C2AE01CDE70C60003B193 /* GameScene.swift */,
				4BC6AF151CE035DA00901E43 /* GameControlNode.swift */,
				4BC6AF1B1CE03B4900901E43 /* GameWorldNode.swift */,
			);
			name = Game;
			sourceTree = "<group>";
		};
		4BC6AF1E1CE03C4300901E43 /* Model */ = {
			isa = PBXGroup;
			children = (
				4BC6AF131CDFD0B200901E43 /* Tower.swift */,
				4BC6AF191CE0387F00901E43 /* Enemy.swift */,
				4BC6AF171CE037EA00901E43 /* Level.swift */,
			);
			name = Model;
			sourceTree = "<group>";
		};
		4BC9E3441CEA9E5200E74A89 /* Extensions */ = {
			isa = PBXGroup;
			children = (
				4BC9E3451CEA9E6E00E74A89 /* CGFloatExtension.swift */,
				4B0C68B91F0987E40042D9F5 /* StringExtension.swift */,
			);
			name = Extensions;
			sourceTree = "<group>";
		};
		4BEA47851EF7713C005CAA69 /* IA */ = {
			isa = PBXGroup;
			children = (
				4B3CB3C61CE560B3001DE1A2 /* objective-c */,
				4BEA47831EF77133005CAA69 /* Pathfinder.swift */,
				4BEA47861EF772EE005CAA69 /* PathfindNode.swift */,
			);
			name = IA;
			sourceTree = "<group>";
		};
		6B89EA90483639DACC783716 /* Frameworks */ = {
			isa = PBXGroup;
			children = (
				4A9F3215EB927414FAC6B79A /* Pods_CellfenseSwift.framework */,
				6DD7F49CB98031DE856F7E62 /* Pods_CellfenseSwiftTests.framework */,
			);
			name = Frameworks;
			sourceTree = "<group>";
		};
		F50DA5E3FD04124DD28B6519 /* Pods */ = {
			isa = PBXGroup;
			children = (
				B16BF763E89B554B59EBC6B7 /* Pods-CellfenseSwift.debug.xcconfig */,
				627C09F4E7054BD0C683CA1A /* Pods-CellfenseSwift.release.xcconfig */,
				5561312EA0A0469F285DD352 /* Pods-CellfenseSwiftTests.debug.xcconfig */,
				7AB935EB88AEFCC280E5FC1E /* Pods-CellfenseSwiftTests.release.xcconfig */,
			);
			name = Pods;
			sourceTree = "<group>";
		};
/* End PBXGroup section */

/* Begin PBXNativeTarget section */
		4B33EF1C206B242500B08BB7 /* CellfenseSwiftTests */ = {
			isa = PBXNativeTarget;
			buildConfigurationList = 4B33EF24206B242600B08BB7 /* Build configuration list for PBXNativeTarget "CellfenseSwiftTests" */;
			buildPhases = (
				AF0A238A4D0BC389761F402F /* [CP] Check Pods Manifest.lock */,
				4B33EF19206B242500B08BB7 /* Sources */,
				4B33EF1A206B242500B08BB7 /* Frameworks */,
				4B33EF1B206B242500B08BB7 /* Resources */,
			);
			buildRules = (
			);
			dependencies = (
				4B33EF23206B242600B08BB7 /* PBXTargetDependency */,
			);
			name = CellfenseSwiftTests;
			productName = CellfenseSwiftTests;
			productReference = 4B33EF1D206B242500B08BB7 /* CellfenseSwiftTests.xctest */;
			productType = "com.apple.product-type.bundle.unit-test";
		};
		4B9C2AD81CDE70C50003B193 /* CellfenseSwift */ = {
			isa = PBXNativeTarget;
			buildConfigurationList = 4B9C2AEF1CDE70C60003B193 /* Build configuration list for PBXNativeTarget "CellfenseSwift" */;
			buildPhases = (
				6B486CAF13B15F7E7D90EBA2 /* [CP] Check Pods Manifest.lock */,
				4B529760206F54600039F94F /* ShellScript */,
				4B9C2AD51CDE70C50003B193 /* Sources */,
				4B9C2AD61CDE70C50003B193 /* Frameworks */,
				4B9C2AD71CDE70C50003B193 /* Resources */,
			);
			buildRules = (
			);
			dependencies = (
			);
			name = CellfenseSwift;
			productName = CellfenseSwift;
			productReference = 4B9C2AD91CDE70C50003B193 /* CellfenseSwift.app */;
			productType = "com.apple.product-type.application";
		};
/* End PBXNativeTarget section */

/* Begin PBXProject section */
		4B9C2AD11CDE70C50003B193 /* Project object */ = {
			isa = PBXProject;
			attributes = {
				LastSwiftUpdateCheck = 0920;
				LastUpgradeCheck = 0930;
				ORGANIZATIONNAME = quitarts;
				TargetAttributes = {
					4B33EF1C206B242500B08BB7 = {
						CreatedOnToolsVersion = 9.2;
						DevelopmentTeam = ED7WEVK6D2;
						LastSwiftMigration = 1000;
						ProvisioningStyle = Automatic;
						TestTargetID = 4B9C2AD81CDE70C50003B193;
					};
					4B9C2AD81CDE70C50003B193 = {
						CreatedOnToolsVersion = 7.3;
						DevelopmentTeam = G2RJZT4Q4P;
						LastSwiftMigration = 1000;
						ProvisioningStyle = Manual;
					};
				};
			};
			buildConfigurationList = 4B9C2AD41CDE70C50003B193 /* Build configuration list for PBXProject "CellfenseSwift" */;
			compatibilityVersion = "Xcode 3.2";
			developmentRegion = English;
			hasScannedForEncodings = 0;
			knownRegions = (
				en,
				es,
			);
			mainGroup = 4B9C2AD01CDE70C50003B193;
			productRefGroup = 4B9C2ADA1CDE70C50003B193 /* Products */;
			projectDirPath = "";
			projectRoot = "";
			targets = (
				4B9C2AD81CDE70C50003B193 /* CellfenseSwift */,
				4B33EF1C206B242500B08BB7 /* CellfenseSwiftTests */,
			);
		};
/* End PBXProject section */

/* Begin PBXResourcesBuildPhase section */
		4B33EF1B206B242500B08BB7 /* Resources */ = {
			isa = PBXResourcesBuildPhase;
			buildActionMask = 2147483647;
			files = (
			);
			runOnlyForDeploymentPostprocessing = 0;
		};
		4B9C2AD71CDE70C50003B193 /* Resources */ = {
			isa = PBXResourcesBuildPhase;
			buildActionMask = 2147483647;
			files = (
				4B9C2AEB1CDE70C60003B193 /* LaunchScreen.storyboard in Resources */,
				4B4F662220E03D3800377D45 /* chip.atlas in Resources */,
				4B4F662520E0449100377D45 /* bomb.atlas in Resources */,
				4B9C2AE81CDE70C60003B193 /* Assets.xcassets in Resources */,
				4B7ED07B20DDB3FB00FC036D /* caterpillar.atlas in Resources */,
				4B9C2AF61CDE77040003B193 /* chain_gun.wav in Resources */,
				4B9C2AE61CDE70C60003B193 /* Main.storyboard in Resources */,
				4BCCDCC51F09849900273C0D /* Localizable.strings in Resources */,
				4B7ED07720DDB3D300FC036D /* spider.atlas in Resources */,
				4B2150C61EFDD51000CF9FDC /* levels.xml in Resources */,
				4B4F662620E04DBD00377D45 /* tank.atlas in Resources */,
				4B7ED07920DDB3DF00FC036D /* turret.atlas in Resources */,
			);
			runOnlyForDeploymentPostprocessing = 0;
		};
/* End PBXResourcesBuildPhase section */

/* Begin PBXShellScriptBuildPhase section */
		4B529760206F54600039F94F /* ShellScript */ = {
			isa = PBXShellScriptBuildPhase;
			buildActionMask = 2147483647;
			files = (
			);
			inputPaths = (
			);
			outputPaths = (
			);
			runOnlyForDeploymentPostprocessing = 0;
			shellPath = /bin/sh;
			shellScript = "\"${PODS_ROOT}/SwiftLint/swiftlint\"\n";
		};
		6B486CAF13B15F7E7D90EBA2 /* [CP] Check Pods Manifest.lock */ = {
			isa = PBXShellScriptBuildPhase;
			buildActionMask = 2147483647;
			files = (
			);
			inputPaths = (
				"${PODS_PODFILE_DIR_PATH}/Podfile.lock",
				"${PODS_ROOT}/Manifest.lock",
			);
			name = "[CP] Check Pods Manifest.lock";
			outputPaths = (
				"$(DERIVED_FILE_DIR)/Pods-CellfenseSwift-checkManifestLockResult.txt",
			);
			runOnlyForDeploymentPostprocessing = 0;
			shellPath = /bin/sh;
			shellScript = "diff \"${PODS_PODFILE_DIR_PATH}/Podfile.lock\" \"${PODS_ROOT}/Manifest.lock\" > /dev/null\nif [ $? != 0 ] ; then\n    # print error to STDERR\n    echo \"error: The sandbox is not in sync with the Podfile.lock. Run 'pod install' or update your CocoaPods installation.\" >&2\n    exit 1\nfi\n# This output is used by Xcode 'outputs' to avoid re-running this script phase.\necho \"SUCCESS\" > \"${SCRIPT_OUTPUT_FILE_0}\"\n";
			showEnvVarsInLog = 0;
		};
		AF0A238A4D0BC389761F402F /* [CP] Check Pods Manifest.lock */ = {
			isa = PBXShellScriptBuildPhase;
			buildActionMask = 2147483647;
			files = (
			);
			inputPaths = (
				"${PODS_PODFILE_DIR_PATH}/Podfile.lock",
				"${PODS_ROOT}/Manifest.lock",
			);
			name = "[CP] Check Pods Manifest.lock";
			outputPaths = (
				"$(DERIVED_FILE_DIR)/Pods-CellfenseSwiftTests-checkManifestLockResult.txt",
			);
			runOnlyForDeploymentPostprocessing = 0;
			shellPath = /bin/sh;
			shellScript = "diff \"${PODS_PODFILE_DIR_PATH}/Podfile.lock\" \"${PODS_ROOT}/Manifest.lock\" > /dev/null\nif [ $? != 0 ] ; then\n    # print error to STDERR\n    echo \"error: The sandbox is not in sync with the Podfile.lock. Run 'pod install' or update your CocoaPods installation.\" >&2\n    exit 1\nfi\n# This output is used by Xcode 'outputs' to avoid re-running this script phase.\necho \"SUCCESS\" > \"${SCRIPT_OUTPUT_FILE_0}\"\n";
			showEnvVarsInLog = 0;
		};
/* End PBXShellScriptBuildPhase section */

/* Begin PBXSourcesBuildPhase section */
		4B33EF19206B242500B08BB7 /* Sources */ = {
			isa = PBXSourcesBuildPhase;
			buildActionMask = 2147483647;
			files = (
				4B33EF20206B242500B08BB7 /* CellfenseSwiftTests.swift in Sources */,
			);
			runOnlyForDeploymentPostprocessing = 0;
		};
		4B9C2AD51CDE70C50003B193 /* Sources */ = {
			isa = PBXSourcesBuildPhase;
			buildActionMask = 2147483647;
			files = (
				4BC6AF1A1CE0387F00901E43 /* Enemy.swift in Sources */,
				4BC6AF181CE037EA00901E43 /* Level.swift in Sources */,
				4B3CB3CA1CE560CA001DE1A2 /* PathFinder.m in Sources */,
				4B9C2AE11CDE70C60003B193 /* GameScene.swift in Sources */,
				4BEA47841EF77133005CAA69 /* Pathfinder.swift in Sources */,
				4B9C2AE31CDE70C60003B193 /* GameViewController.swift in Sources */,
				4B2150C01EFDCC6D00CF9FDC /* LevelsViewController.swift in Sources */,
				4BC9E3461CEA9E6E00E74A89 /* CGFloatExtension.swift in Sources */,
				4B0C68BA1F0987E40042D9F5 /* StringExtension.swift in Sources */,
				4B2150D31EFDF5AD00CF9FDC /* LevelCollectionCell.swift in Sources */,
				4B9C2ADD1CDE70C50003B193 /* AppDelegate.swift in Sources */,
				4BEA47871EF772EE005CAA69 /* PathfindNode.swift in Sources */,
				4B3DC2901EFCB08D0051744F /* MenuViewController.swift in Sources */,
				4BC6AF161CE035DA00901E43 /* GameControlNode.swift in Sources */,
				4BC6AF1C1CE03B4900901E43 /* GameWorldNode.swift in Sources */,
				4BC6AF141CDFD0B200901E43 /* Tower.swift in Sources */,
				4BA604AB1CE2A12A0017BC95 /* Constants.swift in Sources */,
			);
			runOnlyForDeploymentPostprocessing = 0;
		};
/* End PBXSourcesBuildPhase section */

/* Begin PBXTargetDependency section */
		4B33EF23206B242600B08BB7 /* PBXTargetDependency */ = {
			isa = PBXTargetDependency;
			target = 4B9C2AD81CDE70C50003B193 /* CellfenseSwift */;
			targetProxy = 4B33EF22206B242600B08BB7 /* PBXContainerItemProxy */;
		};
/* End PBXTargetDependency section */

/* Begin PBXVariantGroup section */
		4B9C2AE41CDE70C60003B193 /* Main.storyboard */ = {
			isa = PBXVariantGroup;
			children = (
				4B9C2AE51CDE70C60003B193 /* Base */,
			);
			name = Main.storyboard;
			sourceTree = "<group>";
		};
		4B9C2AE91CDE70C60003B193 /* LaunchScreen.storyboard */ = {
			isa = PBXVariantGroup;
			children = (
				4B9C2AEA1CDE70C60003B193 /* Base */,
			);
			name = LaunchScreen.storyboard;
			sourceTree = "<group>";
		};
		4BCCDCC71F09849900273C0D /* Localizable.strings */ = {
			isa = PBXVariantGroup;
			children = (
				4BCCDCC61F09849900273C0D /* en */,
				4BCCDCC81F09849D00273C0D /* es */,
			);
			name = Localizable.strings;
			path = Resources;
			sourceTree = "<group>";
		};
/* End PBXVariantGroup section */

/* Begin XCBuildConfiguration section */
		4B33EF25206B242600B08BB7 /* Debug */ = {
			isa = XCBuildConfiguration;
			baseConfigurationReference = 5561312EA0A0469F285DD352 /* Pods-CellfenseSwiftTests.debug.xcconfig */;
			buildSettings = {
				BUNDLE_LOADER = "$(TEST_HOST)";
				CLANG_ANALYZER_NUMBER_OBJECT_CONVERSION = YES_AGGRESSIVE;
				CLANG_CXX_LANGUAGE_STANDARD = "gnu++14";
				CLANG_WARN_BLOCK_CAPTURE_AUTORELEASING = YES;
				CLANG_WARN_COMMA = YES;
				CLANG_WARN_DOCUMENTATION_COMMENTS = YES;
				CLANG_WARN_NON_LITERAL_NULL_CONVERSION = YES;
				CLANG_WARN_OBJC_LITERAL_CONVERSION = YES;
				CLANG_WARN_RANGE_LOOP_ANALYSIS = YES;
				CLANG_WARN_STRICT_PROTOTYPES = YES;
				CLANG_WARN_UNGUARDED_AVAILABILITY = YES_AGGRESSIVE;
				CODE_SIGN_IDENTITY = "iPhone Developer";
				CODE_SIGN_STYLE = Automatic;
				DEBUG_INFORMATION_FORMAT = dwarf;
				GCC_C_LANGUAGE_STANDARD = gnu11;
				GCC_PRECOMPILE_PREFIX_HEADER = NO;
				INFOPLIST_FILE = CellfenseSwiftTests/Info.plist;
				IPHONEOS_DEPLOYMENT_TARGET = 11.2;
				LD_RUNPATH_SEARCH_PATHS = "$(inherited) @executable_path/Frameworks @loader_path/Frameworks";
				PRODUCT_BUNDLE_IDENTIFIER = com.quitarts.CellfenseSwiftTests;
				PRODUCT_NAME = "$(TARGET_NAME)";
				SWIFT_ACTIVE_COMPILATION_CONDITIONS = DEBUG;
				SWIFT_OBJC_BRIDGING_HEADER = "CellfenseSwift/CellfenseSwift-Bridging-Header.h";
				SWIFT_VERSION = 4.2;
				TARGETED_DEVICE_FAMILY = "1,2";
				TEST_HOST = "$(BUILT_PRODUCTS_DIR)/CellfenseSwift.app/CellfenseSwift";
			};
			name = Debug;
		};
		4B33EF26206B242600B08BB7 /* Release */ = {
			isa = XCBuildConfiguration;
			baseConfigurationReference = 7AB935EB88AEFCC280E5FC1E /* Pods-CellfenseSwiftTests.release.xcconfig */;
			buildSettings = {
				BUNDLE_LOADER = "$(TEST_HOST)";
				CLANG_ANALYZER_NUMBER_OBJECT_CONVERSION = YES_AGGRESSIVE;
				CLANG_CXX_LANGUAGE_STANDARD = "gnu++14";
				CLANG_WARN_BLOCK_CAPTURE_AUTORELEASING = YES;
				CLANG_WARN_COMMA = YES;
				CLANG_WARN_DOCUMENTATION_COMMENTS = YES;
				CLANG_WARN_NON_LITERAL_NULL_CONVERSION = YES;
				CLANG_WARN_OBJC_LITERAL_CONVERSION = YES;
				CLANG_WARN_RANGE_LOOP_ANALYSIS = YES;
				CLANG_WARN_STRICT_PROTOTYPES = YES;
				CLANG_WARN_UNGUARDED_AVAILABILITY = YES_AGGRESSIVE;
				CODE_SIGN_IDENTITY = "iPhone Developer";
				CODE_SIGN_STYLE = Automatic;
				GCC_C_LANGUAGE_STANDARD = gnu11;
				GCC_PRECOMPILE_PREFIX_HEADER = NO;
				INFOPLIST_FILE = CellfenseSwiftTests/Info.plist;
				IPHONEOS_DEPLOYMENT_TARGET = 11.2;
				LD_RUNPATH_SEARCH_PATHS = "$(inherited) @executable_path/Frameworks @loader_path/Frameworks";
				PRODUCT_BUNDLE_IDENTIFIER = com.quitarts.CellfenseSwiftTests;
				PRODUCT_NAME = "$(TARGET_NAME)";
				SWIFT_OBJC_BRIDGING_HEADER = "CellfenseSwift/CellfenseSwift-Bridging-Header.h";
				SWIFT_VERSION = 4.2;
				TARGETED_DEVICE_FAMILY = "1,2";
				TEST_HOST = "$(BUILT_PRODUCTS_DIR)/CellfenseSwift.app/CellfenseSwift";
			};
			name = Release;
		};
		4B9C2AED1CDE70C60003B193 /* Debug */ = {
			isa = XCBuildConfiguration;
			buildSettings = {
				ALWAYS_SEARCH_USER_PATHS = NO;
				CLANG_ANALYZER_LOCALIZABILITY_NONLOCALIZED = YES;
				CLANG_ANALYZER_NONNULL = YES;
				CLANG_CXX_LANGUAGE_STANDARD = "gnu++0x";
				CLANG_CXX_LIBRARY = "libc++";
				CLANG_ENABLE_MODULES = YES;
				CLANG_ENABLE_OBJC_ARC = YES;
				CLANG_WARN_BLOCK_CAPTURE_AUTORELEASING = YES;
				CLANG_WARN_BOOL_CONVERSION = YES;
				CLANG_WARN_COMMA = YES;
				CLANG_WARN_CONSTANT_CONVERSION = YES;
				CLANG_WARN_DEPRECATED_OBJC_IMPLEMENTATIONS = YES;
				CLANG_WARN_DIRECT_OBJC_ISA_USAGE = YES_ERROR;
				CLANG_WARN_EMPTY_BODY = YES;
				CLANG_WARN_ENUM_CONVERSION = YES;
				CLANG_WARN_INFINITE_RECURSION = YES;
				CLANG_WARN_INT_CONVERSION = YES;
				CLANG_WARN_NON_LITERAL_NULL_CONVERSION = YES;
				CLANG_WARN_OBJC_IMPLICIT_RETAIN_SELF = YES;
				CLANG_WARN_OBJC_LITERAL_CONVERSION = YES;
				CLANG_WARN_OBJC_ROOT_CLASS = YES_ERROR;
				CLANG_WARN_RANGE_LOOP_ANALYSIS = YES;
				CLANG_WARN_STRICT_PROTOTYPES = YES;
				CLANG_WARN_SUSPICIOUS_MOVE = YES;
				CLANG_WARN_UNREACHABLE_CODE = YES;
				CLANG_WARN__DUPLICATE_METHOD_MATCH = YES;
				"CODE_SIGN_IDENTITY[sdk=iphoneos*]" = "iPhone Developer";
				COPY_PHASE_STRIP = NO;
				DEBUG_INFORMATION_FORMAT = "dwarf-with-dsym";
				DEVELOPMENT_TEAM = ED7WEVK6D2;
				ENABLE_STRICT_OBJC_MSGSEND = YES;
				ENABLE_TESTABILITY = YES;
				GCC_C_LANGUAGE_STANDARD = gnu99;
				GCC_DYNAMIC_NO_PIC = NO;
				GCC_NO_COMMON_BLOCKS = YES;
				GCC_OPTIMIZATION_LEVEL = 0;
				GCC_PREPROCESSOR_DEFINITIONS = (
					"DEBUG=1",
					"$(inherited)",
				);
				GCC_WARN_64_TO_32_BIT_CONVERSION = YES;
				GCC_WARN_ABOUT_RETURN_TYPE = YES_ERROR;
				GCC_WARN_UNDECLARED_SELECTOR = YES;
				GCC_WARN_UNINITIALIZED_AUTOS = YES_AGGRESSIVE;
				GCC_WARN_UNUSED_FUNCTION = YES;
				GCC_WARN_UNUSED_VARIABLE = YES;
				IPHONEOS_DEPLOYMENT_TARGET = 9.3;
				MTL_ENABLE_DEBUG_INFO = YES;
				ONLY_ACTIVE_ARCH = YES;
				SDKROOT = iphoneos;
				SWIFT_OPTIMIZATION_LEVEL = "-Onone";
				SWIFT_VERSION = 4.0;
			};
			name = Debug;
		};
		4B9C2AEE1CDE70C60003B193 /* Release */ = {
			isa = XCBuildConfiguration;
			buildSettings = {
				ALWAYS_SEARCH_USER_PATHS = NO;
				CLANG_ANALYZER_LOCALIZABILITY_NONLOCALIZED = YES;
				CLANG_ANALYZER_NONNULL = YES;
				CLANG_CXX_LANGUAGE_STANDARD = "gnu++0x";
				CLANG_CXX_LIBRARY = "libc++";
				CLANG_ENABLE_MODULES = YES;
				CLANG_ENABLE_OBJC_ARC = YES;
				CLANG_WARN_BLOCK_CAPTURE_AUTORELEASING = YES;
				CLANG_WARN_BOOL_CONVERSION = YES;
				CLANG_WARN_COMMA = YES;
				CLANG_WARN_CONSTANT_CONVERSION = YES;
				CLANG_WARN_DEPRECATED_OBJC_IMPLEMENTATIONS = YES;
				CLANG_WARN_DIRECT_OBJC_ISA_USAGE = YES_ERROR;
				CLANG_WARN_EMPTY_BODY = YES;
				CLANG_WARN_ENUM_CONVERSION = YES;
				CLANG_WARN_INFINITE_RECURSION = YES;
				CLANG_WARN_INT_CONVERSION = YES;
				CLANG_WARN_NON_LITERAL_NULL_CONVERSION = YES;
				CLANG_WARN_OBJC_IMPLICIT_RETAIN_SELF = YES;
				CLANG_WARN_OBJC_LITERAL_CONVERSION = YES;
				CLANG_WARN_OBJC_ROOT_CLASS = YES_ERROR;
				CLANG_WARN_RANGE_LOOP_ANALYSIS = YES;
				CLANG_WARN_STRICT_PROTOTYPES = YES;
				CLANG_WARN_SUSPICIOUS_MOVE = YES;
				CLANG_WARN_UNREACHABLE_CODE = YES;
				CLANG_WARN__DUPLICATE_METHOD_MATCH = YES;
				"CODE_SIGN_IDENTITY[sdk=iphoneos*]" = "iPhone Developer";
				COPY_PHASE_STRIP = NO;
				DEBUG_INFORMATION_FORMAT = "dwarf-with-dsym";
				DEVELOPMENT_TEAM = ED7WEVK6D2;
				ENABLE_NS_ASSERTIONS = NO;
				ENABLE_STRICT_OBJC_MSGSEND = YES;
				GCC_C_LANGUAGE_STANDARD = gnu99;
				GCC_NO_COMMON_BLOCKS = YES;
				GCC_WARN_64_TO_32_BIT_CONVERSION = YES;
				GCC_WARN_ABOUT_RETURN_TYPE = YES_ERROR;
				GCC_WARN_UNDECLARED_SELECTOR = YES;
				GCC_WARN_UNINITIALIZED_AUTOS = YES_AGGRESSIVE;
				GCC_WARN_UNUSED_FUNCTION = YES;
				GCC_WARN_UNUSED_VARIABLE = YES;
				IPHONEOS_DEPLOYMENT_TARGET = 9.3;
				MTL_ENABLE_DEBUG_INFO = NO;
				SDKROOT = iphoneos;
				SWIFT_OPTIMIZATION_LEVEL = "-Owholemodule";
				SWIFT_VERSION = 4.0;
				VALIDATE_PRODUCT = YES;
			};
			name = Release;
		};
		4B9C2AF01CDE70C60003B193 /* Debug */ = {
			isa = XCBuildConfiguration;
			baseConfigurationReference = B16BF763E89B554B59EBC6B7 /* Pods-CellfenseSwift.debug.xcconfig */;
			buildSettings = {
				ASSETCATALOG_COMPILER_APPICON_NAME = AppIcon;
				CLANG_ENABLE_MODULES = YES;
				CODE_SIGN_IDENTITY = "iPhone Developer";
				CODE_SIGN_STYLE = Manual;
				DEVELOPMENT_TEAM = G2RJZT4Q4P;
				INFOPLIST_FILE = CellfenseSwift/Info.plist;
				IPHONEOS_DEPLOYMENT_TARGET = 11.4;
				LD_RUNPATH_SEARCH_PATHS = "$(inherited) @executable_path/Frameworks";
				PRODUCT_BUNDLE_IDENTIFIER = com.tincho.cellfenseswift;
				PRODUCT_NAME = "$(TARGET_NAME)";
				PROVISIONING_PROFILE = "509f80b5-b636-407f-b52d-ff2019430305";
				PROVISIONING_PROFILE_SPECIFIER = CellfenseAdHocMid17;
				SWIFT_OBJC_BRIDGING_HEADER = "CellfenseSwift/CellfenseSwift-Bridging-Header.h";
				SWIFT_OPTIMIZATION_LEVEL = "-Onone";
				SWIFT_VERSION = 4.2;
				TARGETED_DEVICE_FAMILY = 1;
			};
			name = Debug;
		};
		4B9C2AF11CDE70C60003B193 /* Release */ = {
			isa = XCBuildConfiguration;
			baseConfigurationReference = 627C09F4E7054BD0C683CA1A /* Pods-CellfenseSwift.release.xcconfig */;
			buildSettings = {
				ASSETCATALOG_COMPILER_APPICON_NAME = AppIcon;
				CLANG_ENABLE_MODULES = YES;
				CODE_SIGN_IDENTITY = "iPhone Developer";
				"CODE_SIGN_IDENTITY[sdk=iphoneos*]" = "iPhone Distribution";
				CODE_SIGN_STYLE = Manual;
				DEVELOPMENT_TEAM = G2RJZT4Q4P;
				INFOPLIST_FILE = CellfenseSwift/Info.plist;
				IPHONEOS_DEPLOYMENT_TARGET = 11.4;
				LD_RUNPATH_SEARCH_PATHS = "$(inherited) @executable_path/Frameworks";
				PRODUCT_BUNDLE_IDENTIFIER = com.tincho.cellfenseswift;
				PRODUCT_NAME = "$(TARGET_NAME)";
				PROVISIONING_PROFILE = "c8c0f424-eae7-4dc5-95f1-253dbaacdf8a";
				PROVISIONING_PROFILE_SPECIFIER = "Cellfense Dev";
				SWIFT_OBJC_BRIDGING_HEADER = "CellfenseSwift/CellfenseSwift-Bridging-Header.h";
				SWIFT_VERSION = 4.2;
				TARGETED_DEVICE_FAMILY = 1;
			};
			name = Release;
		};
/* End XCBuildConfiguration section */

/* Begin XCConfigurationList section */
		4B33EF24206B242600B08BB7 /* Build configuration list for PBXNativeTarget "CellfenseSwiftTests" */ = {
			isa = XCConfigurationList;
			buildConfigurations = (
				4B33EF25206B242600B08BB7 /* Debug */,
				4B33EF26206B242600B08BB7 /* Release */,
			);
			defaultConfigurationIsVisible = 0;
			defaultConfigurationName = Release;
		};
		4B9C2AD41CDE70C50003B193 /* Build configuration list for PBXProject "CellfenseSwift" */ = {
			isa = XCConfigurationList;
			buildConfigurations = (
				4B9C2AED1CDE70C60003B193 /* Debug */,
				4B9C2AEE1CDE70C60003B193 /* Release */,
			);
			defaultConfigurationIsVisible = 0;
			defaultConfigurationName = Release;
		};
		4B9C2AEF1CDE70C60003B193 /* Build configuration list for PBXNativeTarget "CellfenseSwift" */ = {
			isa = XCConfigurationList;
			buildConfigurations = (
				4B9C2AF01CDE70C60003B193 /* Debug */,
				4B9C2AF11CDE70C60003B193 /* Release */,
			);
			defaultConfigurationIsVisible = 0;
			defaultConfigurationName = Release;
		};
/* End XCConfigurationList section */
	};
	rootObject = 4B9C2AD11CDE70C50003B193 /* Project object */;
}
